
Microsoft Visual Studio Solution File, Format Version 12.00
# Visual Studio Version 17
VisualStudioVersion = 17.14.36401.2 d17.14
MinimumVisualStudioVersion = 10.0.40219.1
Project("{FAE04EC0-301F-11D3-BF4B-00C04F79EFBC}") = "ORDER_APP", "ORDER_APP\ORDER_APP.csproj", "{F1AF6EFC-7C96-42E4-96A5-95C5BD019538}"
EndProject
Global
	GlobalSection(SolutionConfigurationPlatforms) = preSolution
		Debug|Any CPU = Debug|Any CPU
		Release|Any CPU = Release|Any CPU
	EndGlobalSection
	GlobalSection(ProjectConfigurationPlatforms) = postSolution
		{F1AF6EFC-7C96-42E4-96A5-95C5BD019538}.Debug|Any CPU.ActiveCfg = Debug|Any CPU
		{F1AF6EFC-7C96-42E4-96A5-95C5BD019538}.Debug|Any CPU.Build.0 = Debug|Any CPU
		{F1AF6EFC-7C96-42E4-96A5-95C5BD019538}.Release|Any CPU.ActiveCfg = Release|Any CPU
		{F1AF6EFC-7C96-42E4-96A5-95C5BD019538}.Release|Any CPU.Build.0 = Release|Any CPU
	EndGlobalSection
	GlobalSection(SolutionProperties) = preSolution
		HideSolutionNode = FALSE
	EndGlobalSection
	GlobalSection(ExtensibilityGlobals) = postSolution
		SolutionGuid = {C281C23C-5F00-4417-B5BC-51E92B7C973D}
	EndGlobalSection
EndGlobal
